
Microsoft Visual Studio Solution File, Format Version 12.00
# Visual Studio Version 17
VisualStudioVersion = 17.0.31903.59
MinimumVisualStudioVersion = 10.0.40219.1
Project("{2150E333-8FDC-42A3-9474-1A3956D46DE8}") = "src", "src", "{77C21E3B-BA70-4835-B01E-3B4C95767942}"
EndProject
Project("{FAE04EC0-301F-11D3-BF4B-00C04F79EFBC}") = "ETaca.Domain", "src\ETaca.Domain\ETaca.Domain.csproj", "{A86EF1C0-1B30-4E8C-9EA3-996CD2ABEB79}"
EndProject
Project("{FAE04EC0-301F-11D3-BF4B-00C04F79EFBC}") = "ETaca.Application", "src\ETaca.Application\ETaca.Application.csproj", "{CE3E6C5C-96B9-4E02-9905-70845D105897}"
EndProject
Project("{FAE04EC0-301F-11D3-BF4B-00C04F79EFBC}") = "ETaca.Infrastructure", "src\ETaca.Infrastructure\ETaca.Infrastructure.csproj", "{1140A954-3815-40B3-A7F4-307DA6E0EA49}"
EndProject
Project("{FAE04EC0-301F-11D3-BF4B-00C04F79EFBC}") = "ETaca.API", "src\ETaca.API\ETaca.API.csproj", "{124FFD30-6E43-4B73-9A45-28BCC9A9FB28}"
EndProject
Project("{2150E333-8FDC-42A3-9474-1A3956D46DE8}") = "tests", "tests", "{1382DF15-5D00-4F81-A7B1-942888FE43B9}"
EndProject
Project("{FAE04EC0-301F-11D3-BF4B-00C04F79EFBC}") = "ETaca.Tests", "tests\ETaca.Tests\ETaca.Tests.csproj", "{224AE2D5-7052-4D52-95A8-0B70DA15C292}"
EndProject
Project("{FAE04EC0-301F-11D3-BF4B-00C04F79EFBC}") = "ETaca.Tests", "src\ETaca.Tests\ETaca.Tests.csproj", "{33E8B87D-24E5-4EF9-A5B2-612B01495CD4}"
EndProject
Global
	GlobalSection(SolutionConfigurationPlatforms) = preSolution
		Debug|Any CPU = Debug|Any CPU
		Release|Any CPU = Release|Any CPU
	EndGlobalSection
	GlobalSection(SolutionProperties) = preSolution
		HideSolutionNode = FALSE
	EndGlobalSection
	GlobalSection(ProjectConfigurationPlatforms) = postSolution
		{A86EF1C0-1B30-4E8C-9EA3-996CD2ABEB79}.Debug|Any CPU.ActiveCfg = Debug|Any CPU
		{A86EF1C0-1B30-4E8C-9EA3-996CD2ABEB79}.Debug|Any CPU.Build.0 = Debug|Any CPU
		{A86EF1C0-1B30-4E8C-9EA3-996CD2ABEB79}.Release|Any CPU.ActiveCfg = Release|Any CPU
		{A86EF1C0-1B30-4E8C-9EA3-996CD2ABEB79}.Release|Any CPU.Build.0 = Release|Any CPU
		{CE3E6C5C-96B9-4E02-9905-70845D105897}.Debug|Any CPU.ActiveCfg = Debug|Any CPU
		{CE3E6C5C-96B9-4E02-9905-70845D105897}.Debug|Any CPU.Build.0 = Debug|Any CPU
		{CE3E6C5C-96B9-4E02-9905-70845D105897}.Release|Any CPU.ActiveCfg = Release|Any CPU
		{CE3E6C5C-96B9-4E02-9905-70845D105897}.Release|Any CPU.Build.0 = Release|Any CPU
		{1140A954-3815-40B3-A7F4-307DA6E0EA49}.Debug|Any CPU.ActiveCfg = Debug|Any CPU
		{1140A954-3815-40B3-A7F4-307DA6E0EA49}.Debug|Any CPU.Build.0 = Debug|Any CPU
		{1140A954-3815-40B3-A7F4-307DA6E0EA49}.Release|Any CPU.ActiveCfg = Release|Any CPU
		{1140A954-3815-40B3-A7F4-307DA6E0EA49}.Release|Any CPU.Build.0 = Release|Any CPU
		{124FFD30-6E43-4B73-9A45-28BCC9A9FB28}.Debug|Any CPU.ActiveCfg = Debug|Any CPU
		{124FFD30-6E43-4B73-9A45-28BCC9A9FB28}.Debug|Any CPU.Build.0 = Debug|Any CPU
		{124FFD30-6E43-4B73-9A45-28BCC9A9FB28}.Release|Any CPU.ActiveCfg = Release|Any CPU
		{124FFD30-6E43-4B73-9A45-28BCC9A9FB28}.Release|Any CPU.Build.0 = Release|Any CPU
		{224AE2D5-7052-4D52-95A8-0B70DA15C292}.Debug|Any CPU.ActiveCfg = Debug|Any CPU
		{224AE2D5-7052-4D52-95A8-0B70DA15C292}.Debug|Any CPU.Build.0 = Debug|Any CPU
		{224AE2D5-7052-4D52-95A8-0B70DA15C292}.Release|Any CPU.ActiveCfg = Release|Any CPU
		{224AE2D5-7052-4D52-95A8-0B70DA15C292}.Release|Any CPU.Build.0 = Release|Any CPU
		{33E8B87D-24E5-4EF9-A5B2-612B01495CD4}.Debug|Any CPU.ActiveCfg = Debug|Any CPU
		{33E8B87D-24E5-4EF9-A5B2-612B01495CD4}.Debug|Any CPU.Build.0 = Debug|Any CPU
		{33E8B87D-24E5-4EF9-A5B2-612B01495CD4}.Release|Any CPU.ActiveCfg = Release|Any CPU
		{33E8B87D-24E5-4EF9-A5B2-612B01495CD4}.Release|Any CPU.Build.0 = Release|Any CPU
	EndGlobalSection
	GlobalSection(NestedProjects) = preSolution
		{A86EF1C0-1B30-4E8C-9EA3-996CD2ABEB79} = {77C21E3B-BA70-4835-B01E-3B4C95767942}
		{CE3E6C5C-96B9-4E02-9905-70845D105897} = {77C21E3B-BA70-4835-B01E-3B4C95767942}
		{1140A954-3815-40B3-A7F4-307DA6E0EA49} = {77C21E3B-BA70-4835-B01E-3B4C95767942}
		{124FFD30-6E43-4B73-9A45-28BCC9A9FB28} = {77C21E3B-BA70-4835-B01E-3B4C95767942}
		{224AE2D5-7052-4D52-95A8-0B70DA15C292} = {1382DF15-5D00-4F81-A7B1-942888FE43B9}
		{33E8B87D-24E5-4EF9-A5B2-612B01495CD4} = {77C21E3B-BA70-4835-B01E-3B4C95767942}
	EndGlobalSection
EndGlobal
